// !$*UTF8*$!
{
	archiveVersion = 1;
	classes = {
	};
	objectVersion = 56;
	objects = {

/* Begin PBXBuildFile section */
		7A16AE4A2B996A33008C8149 /* Exercise2App.swift in Sources */ = {isa = PBXBuildFile; fileRef = 7A16AE492B996A33008C8149 /* Exercise2App.swift */; };
		7A16AE4C2B996A33008C8149 /* ContentView.swift in Sources */ = {isa = PBXBuildFile; fileRef = 7A16AE4B2B996A33008C8149 /* ContentView.swift */; };
		7A16AE4E2B996A36008C8149 /* Assets.xcassets in Resources */ = {isa = PBXBuildFile; fileRef = 7A16AE4D2B996A36008C8149 /* Assets.xcassets */; };
		7A16AE512B996A36008C8149 /* Preview Assets.xcassets in Resources */ = {isa = PBXBuildFile; fileRef = 7A16AE502B996A36008C8149 /* Preview Assets.xcassets */; };
		7A16AE5B2B996A37008C8149 /* Exercise2Tests.swift in Sources */ = {isa = PBXBuildFile; fileRef = 7A16AE5A2B996A37008C8149 /* Exercise2Tests.swift */; };
		7A16AE652B996A37008C8149 /* Exercise2UITests.swift in Sources */ = {isa = PBXBuildFile; fileRef = 7A16AE642B996A37008C8149 /* Exercise2UITests.swift */; };
		7A16AE672B996A37008C8149 /* Exercise2UITestsLaunchTests.swift in Sources */ = {isa = PBXBuildFile; fileRef = 7A16AE662B996A37008C8149 /* Exercise2UITestsLaunchTests.swift */; };
		7A16AE742B996AAD008C8149 /* MainPageView.swift in Sources */ = {isa = PBXBuildFile; fileRef = 7A16AE732B996AAD008C8149 /* MainPageView.swift */; };
		7A16AE762B996B70008C8149 /* SecondView.swift in Sources */ = {isa = PBXBuildFile; fileRef = 7A16AE752B996B70008C8149 /* SecondView.swift */; };
		7A16AE792B9AC0B8008C8149 /* db.swift in Sources */ = {isa = PBXBuildFile; fileRef = 7A16AE782B9AC0B8008C8149 /* db.swift */; };
/* End PBXBuildFile section */

/* Begin PBXContainerItemProxy section */
		7A16AE572B996A37008C8149 /* PBXContainerItemProxy */ = {
			isa = PBXContainerItemProxy;
			containerPortal = 7A16AE3E2B996A33008C8149 /* Project object */;
			proxyType = 1;
			remoteGlobalIDString = 7A16AE452B996A33008C8149;
			remoteInfo = Exercise2;
		};
		7A16AE612B996A37008C8149 /* PBXContainerItemProxy */ = {
			isa = PBXContainerItemProxy;
			containerPortal = 7A16AE3E2B996A33008C8149 /* Project object */;
			proxyType = 1;
			remoteGlobalIDString = 7A16AE452B996A33008C8149;
			remoteInfo = Exercise2;
		};
/* End PBXContainerItemProxy section */

/* Begin PBXFileReference section */
		7A16AE462B996A33008C8149 /* Exercise2.app */ = {isa = PBXFileReference; explicitFileType = wrapper.application; includeInIndex = 0; path = Exercise2.app; sourceTree = BUILT_PRODUCTS_DIR; };
		7A16AE492B996A33008C8149 /* Exercise2App.swift */ = {isa = PBXFileReference; lastKnownFileType = sourcecode.swift; path = Exercise2App.swift; sourceTree = "<group>"; };
		7A16AE4B2B996A33008C8149 /* ContentView.swift */ = {isa = PBXFileReference; lastKnownFileType = sourcecode.swift; path = ContentView.swift; sourceTree = "<group>"; };
		7A16AE4D2B996A36008C8149 /* Assets.xcassets */ = {isa = PBXFileReference; lastKnownFileType = folder.assetcatalog; path = Assets.xcassets; sourceTree = "<group>"; };
		7A16AE502B996A36008C8149 /* Preview Assets.xcassets */ = {isa = PBXFileReference; lastKnownFileType = folder.assetcatalog; path = "Preview Assets.xcassets"; sourceTree = "<group>"; };
		7A16AE562B996A37008C8149 /* Exercise2Tests.xctest */ = {isa = PBXFileReference; explicitFileType = wrapper.cfbundle; includeInIndex = 0; path = Exercise2Tests.xctest; sourceTree = BUILT_PRODUCTS_DIR; };
		7A16AE5A2B996A37008C8149 /* Exercise2Tests.swift */ = {isa = PBXFileReference; lastKnownFileType = sourcecode.swift; path = Exercise2Tests.swift; sourceTree = "<group>"; };
		7A16AE602B996A37008C8149 /* Exercise2UITests.xctest */ = {isa = PBXFileReference; explicitFileType = wrapper.cfbundle; includeInIndex = 0; path = Exercise2UITests.xctest; sourceTree = BUILT_PRODUCTS_DIR; };
		7A16AE642B996A37008C8149 /* Exercise2UITests.swift */ = {isa = PBXFileReference; lastKnownFileType = sourcecode.swift; path = Exercise2UITests.swift; sourceTree = "<group>"; };
		7A16AE662B996A37008C8149 /* Exercise2UITestsLaunchTests.swift */ = {isa = PBXFileReference; lastKnownFileType = sourcecode.swift; path = Exercise2UITestsLaunchTests.swift; sourceTree = "<group>"; };
		7A16AE732B996AAD008C8149 /* MainPageView.swift */ = {isa = PBXFileReference; lastKnownFileType = sourcecode.swift; path = MainPageView.swift; sourceTree = "<group>"; };
		7A16AE752B996B70008C8149 /* SecondView.swift */ = {isa = PBXFileReference; lastKnownFileType = sourcecode.swift; path = SecondView.swift; sourceTree = "<group>"; };
		7A16AE772B9ABB15008C8149 /* Exercise2-Bridging-Header.h */ = {isa = PBXFileReference; lastKnownFileType = sourcecode.c.h; path = "Exercise2-Bridging-Header.h"; sourceTree = "<group>"; };
		7A16AE782B9AC0B8008C8149 /* db.swift */ = {isa = PBXFileReference; lastKnownFileType = sourcecode.swift; path = db.swift; sourceTree = "<group>"; };
/* End PBXFileReference section */

/* Begin PBXFrameworksBuildPhase section */
		7A16AE432B996A33008C8149 /* Frameworks */ = {
			isa = PBXFrameworksBuildPhase;
			buildActionMask = 2147483647;
			files = (
			);
			runOnlyForDeploymentPostprocessing = 0;
		};
		7A16AE532B996A37008C8149 /* Frameworks */ = {
			isa = PBXFrameworksBuildPhase;
			buildActionMask = 2147483647;
			files = (
			);
			runOnlyForDeploymentPostprocessing = 0;
		};
		7A16AE5D2B996A37008C8149 /* Frameworks */ = {
			isa = PBXFrameworksBuildPhase;
			buildActionMask = 2147483647;
			files = (
			);
			runOnlyForDeploymentPostprocessing = 0;
		};
/* End PBXFrameworksBuildPhase section */

/* Begin PBXGroup section */
		7A16AE3D2B996A33008C8149 = {
			isa = PBXGroup;
			children = (
				7A16AE482B996A33008C8149 /* Exercise2 */,
				7A16AE592B996A37008C8149 /* Exercise2Tests */,
				7A16AE632B996A37008C8149 /* Exercise2UITests */,
				7A16AE472B996A33008C8149 /* Products */,
			);
			sourceTree = "<group>";
		};
		7A16AE472B996A33008C8149 /* Products */ = {
			isa = PBXGroup;
			children = (
				7A16AE462B996A33008C8149 /* Exercise2.app */,
				7A16AE562B996A37008C8149 /* Exercise2Tests.xctest */,
				7A16AE602B996A37008C8149 /* Exercise2UITests.xctest */,
			);
			name = Products;
			sourceTree = "<group>";
		};
		7A16AE482B996A33008C8149 /* Exercise2 */ = {
			isa = PBXGroup;
			children = (
				7A16AE782B9AC0B8008C8149 /* db.swift */,
				7A16AE492B996A33008C8149 /* Exercise2App.swift */,
				7A16AE752B996B70008C8149 /* SecondView.swift */,
				7A16AE732B996AAD008C8149 /* MainPageView.swift */,
				7A16AE772B9ABB15008C8149 /* Exercise2-Bridging-Header.h */,
				7A16AE4B2B996A33008C8149 /* ContentView.swift */,
				7A16AE4D2B996A36008C8149 /* Assets.xcassets */,
				7A16AE4F2B996A36008C8149 /* Preview Content */,
			);
			path = Exercise2;
			sourceTree = "<group>";
		};
		7A16AE4F2B996A36008C8149 /* Preview Content */ = {
			isa = PBXGroup;
			children = (
				7A16AE502B996A36008C8149 /* Preview Assets.xcassets */,
			);
			path = "Preview Content";
			sourceTree = "<group>";
		};
		7A16AE592B996A37008C8149 /* Exercise2Tests */ = {
			isa = PBXGroup;
			children = (
				7A16AE5A2B996A37008C8149 /* Exercise2Tests.swift */,
			);
			path = Exercise2Tests;
			sourceTree = "<group>";
		};
		7A16AE632B996A37008C8149 /* Exercise2UITests */ = {
			isa = PBXGroup;
			children = (
				7A16AE642B996A37008C8149 /* Exercise2UITests.swift */,
				7A16AE662B996A37008C8149 /* Exercise2UITestsLaunchTests.swift */,
			);
			path = Exercise2UITests;
			sourceTree = "<group>";
		};
/* End PBXGroup section */

/* Begin PBXNativeTarget section */
		7A16AE452B996A33008C8149 /* Exercise2 */ = {
			isa = PBXNativeTarget;
			buildConfigurationList = 7A16AE6A2B996A37008C8149 /* Build configuration list for PBXNativeTarget "Exercise2" */;
			buildPhases = (
				7A16AE422B996A33008C8149 /* Sources */,
				7A16AE432B996A33008C8149 /* Frameworks */,
				7A16AE442B996A33008C8149 /* Resources */,
			);
			buildRules = (
			);
			dependencies = (
			);
			name = Exercise2;
			productName = Exercise2;
			productReference = 7A16AE462B996A33008C8149 /* Exercise2.app */;
			productType = "com.apple.product-type.application";
		};
		7A16AE552B996A37008C8149 /* Exercise2Tests */ = {
			isa = PBXNativeTarget;
			buildConfigurationList = 7A16AE6D2B996A37008C8149 /* Build configuration list for PBXNativeTarget "Exercise2Tests" */;
			buildPhases = (
				7A16AE522B996A37008C8149 /* Sources */,
				7A16AE532B996A37008C8149 /* Frameworks */,
				7A16AE542B996A37008C8149 /* Resources */,
			);
			buildRules = (
			);
			dependencies = (
				7A16AE582B996A37008C8149 /* PBXTargetDependency */,
			);
			name = Exercise2Tests;
			productName = Exercise2Tests;
			productReference = 7A16AE562B996A37008C8149 /* Exercise2Tests.xctest */;
			productType = "com.apple.product-type.bundle.unit-test";
		};
		7A16AE5F2B996A37008C8149 /* Exercise2UITests */ = {
			isa = PBXNativeTarget;
			buildConfigurationList = 7A16AE702B996A37008C8149 /* Build configuration list for PBXNativeTarget "Exercise2UITests" */;
			buildPhases = (
				7A16AE5C2B996A37008C8149 /* Sources */,
				7A16AE5D2B996A37008C8149 /* Frameworks */,
				7A16AE5E2B996A37008C8149 /* Resources */,
			);
			buildRules = (
			);
			dependencies = (
				7A16AE622B996A37008C8149 /* PBXTargetDependency */,
			);
			name = Exercise2UITests;
			productName = Exercise2UITests;
			productReference = 7A16AE602B996A37008C8149 /* Exercise2UITests.xctest */;
			productType = "com.apple.product-type.bundle.ui-testing";
		};
/* End PBXNativeTarget section */

/* Begin PBXProject section */
		7A16AE3E2B996A33008C8149 /* Project object */ = {
			isa = PBXProject;
			attributes = {
				BuildIndependentTargetsInParallel = 1;
				LastSwiftUpdateCheck = 1520;
				LastUpgradeCheck = 1520;
				TargetAttributes = {
					7A16AE452B996A33008C8149 = {
						CreatedOnToolsVersion = 15.2;
					};
					7A16AE552B996A37008C8149 = {
						CreatedOnToolsVersion = 15.2;
						TestTargetID = 7A16AE452B996A33008C8149;
					};
					7A16AE5F2B996A37008C8149 = {
						CreatedOnToolsVersion = 15.2;
						TestTargetID = 7A16AE452B996A33008C8149;
					};
				};
			};
			buildConfigurationList = 7A16AE412B996A33008C8149 /* Build configuration list for PBXProject "Exercise2" */;
			compatibilityVersion = "Xcode 14.0";
			developmentRegion = en;
			hasScannedForEncodings = 0;
			knownRegions = (
				en,
				Base,
			);
			mainGroup = 7A16AE3D2B996A33008C8149;
			productRefGroup = 7A16AE472B996A33008C8149 /* Products */;
			projectDirPath = "";
			projectRoot = "";
			targets = (
				7A16AE452B996A33008C8149 /* Exercise2 */,
				7A16AE552B996A37008C8149 /* Exercise2Tests */,
				7A16AE5F2B996A37008C8149 /* Exercise2UITests */,
			);
		};
/* End PBXProject section */

/* Begin PBXResourcesBuildPhase section */
		7A16AE442B996A33008C8149 /* Resources */ = {
			isa = PBXResourcesBuildPhase;
			buildActionMask = 2147483647;
			files = (
				7A16AE512B996A36008C8149 /* Preview Assets.xcassets in Resources */,
				7A16AE4E2B996A36008C8149 /* Assets.xcassets in Resources */,
			);
			runOnlyForDeploymentPostprocessing = 0;
		};
		7A16AE542B996A37008C8149 /* Resources */ = {
			isa = PBXResourcesBuildPhase;
			buildActionMask = 2147483647;
			files = (
			);
			runOnlyForDeploymentPostprocessing = 0;
		};
		7A16AE5E2B996A37008C8149 /* Resources */ = {
			isa = PBXResourcesBuildPhase;
			buildActionMask = 2147483647;
			files = (
			);
			runOnlyForDeploymentPostprocessing = 0;
		};
/* End PBXResourcesBuildPhase section */

/* Begin PBXSourcesBuildPhase section */
		7A16AE422B996A33008C8149 /* Sources */ = {
			isa = PBXSourcesBuildPhase;
			buildActionMask = 2147483647;
			files = (
				7A16AE4C2B996A33008C8149 /* ContentView.swift in Sources */,
				7A16AE4A2B996A33008C8149 /* Exercise2App.swift in Sources */,
				7A16AE792B9AC0B8008C8149 /* db.swift in Sources */,
				7A16AE762B996B70008C8149 /* SecondView.swift in Sources */,
				7A16AE742B996AAD008C8149 /* MainPageView.swift in Sources */,
			);
			runOnlyForDeploymentPostprocessing = 0;
		};
		7A16AE522B996A37008C8149 /* Sources */ = {
			isa = PBXSourcesBuildPhase;
			buildActionMask = 2147483647;
			files = (
				7A16AE5B2B996A37008C8149 /* Exercise2Tests.swift in Sources */,
			);
			runOnlyForDeploymentPostprocessing = 0;
		};
		7A16AE5C2B996A37008C8149 /* Sources */ = {
			isa = PBXSourcesBuildPhase;
			buildActionMask = 2147483647;
			files = (
				7A16AE652B996A37008C8149 /* Exercise2UITests.swift in Sources */,
				7A16AE672B996A37008C8149 /* Exercise2UITestsLaunchTests.swift in Sources */,
			);
			runOnlyForDeploymentPostprocessing = 0;
		};
/* End PBXSourcesBuildPhase section */

/* Begin PBXTargetDependency section */
		7A16AE582B996A37008C8149 /* PBXTargetDependency */ = {
			isa = PBXTargetDependency;
			target = 7A16AE452B996A33008C8149 /* Exercise2 */;
			targetProxy = 7A16AE572B996A37008C8149 /* PBXContainerItemProxy */;
		};
		7A16AE622B996A37008C8149 /* PBXTargetDependency */ = {
			isa = PBXTargetDependency;
			target = 7A16AE452B996A33008C8149 /* Exercise2 */;
			targetProxy = 7A16AE612B996A37008C8149 /* PBXContainerItemProxy */;
		};
/* End PBXTargetDependency section */

/* Begin XCBuildConfiguration section */
		7A16AE682B996A37008C8149 /* Debug */ = {
			isa = XCBuildConfiguration;
			buildSettings = {
				ALWAYS_SEARCH_USER_PATHS = NO;
				ASSETCATALOG_COMPILER_GENERATE_SWIFT_ASSET_SYMBOL_EXTENSIONS = YES;
				CLANG_ANALYZER_NONNULL = YES;
				CLANG_ANALYZER_NUMBER_OBJECT_CONVERSION = YES_AGGRESSIVE;
				CLANG_CXX_LANGUAGE_STANDARD = "gnu++20";
				CLANG_ENABLE_MODULES = YES;
				CLANG_ENABLE_OBJC_ARC = YES;
				CLANG_ENABLE_OBJC_WEAK = YES;
				CLANG_WARN_BLOCK_CAPTURE_AUTORELEASING = YES;
				CLANG_WARN_BOOL_CONVERSION = YES;
				CLANG_WARN_COMMA = YES;
				CLANG_WARN_CONSTANT_CONVERSION = YES;
				CLANG_WARN_DEPRECATED_OBJC_IMPLEMENTATIONS = YES;
				CLANG_WARN_DIRECT_OBJC_ISA_USAGE = YES_ERROR;
				CLANG_WARN_DOCUMENTATION_COMMENTS = YES;
				CLANG_WARN_EMPTY_BODY = YES;
				CLANG_WARN_ENUM_CONVERSION = YES;
				CLANG_WARN_INFINITE_RECURSION = YES;
				CLANG_WARN_INT_CONVERSION = YES;
				CLANG_WARN_NON_LITERAL_NULL_CONVERSION = YES;
				CLANG_WARN_OBJC_IMPLICIT_RETAIN_SELF = YES;
				CLANG_WARN_OBJC_LITERAL_CONVERSION = YES;
				CLANG_WARN_OBJC_ROOT_CLASS = YES_ERROR;
				CLANG_WARN_QUOTED_INCLUDE_IN_FRAMEWORK_HEADER = YES;
				CLANG_WARN_RANGE_LOOP_ANALYSIS = YES;
				CLANG_WARN_STRICT_PROTOTYPES = YES;
				CLANG_WARN_SUSPICIOUS_MOVE = YES;
				CLANG_WARN_UNGUARDED_AVAILABILITY = YES_AGGRESSIVE;
				CLANG_WARN_UNREACHABLE_CODE = YES;
				CLANG_WARN__DUPLICATE_METHOD_MATCH = YES;
				COPY_PHASE_STRIP = NO;
				DEBUG_INFORMATION_FORMAT = dwarf;
				ENABLE_STRICT_OBJC_MSGSEND = YES;
				ENABLE_TESTABILITY = YES;
				ENABLE_USER_SCRIPT_SANDBOXING = YES;
				GCC_C_LANGUAGE_STANDARD = gnu17;
				GCC_DYNAMIC_NO_PIC = NO;
				GCC_NO_COMMON_BLOCKS = YES;
				GCC_OPTIMIZATION_LEVEL = 0;
				GCC_PREPROCESSOR_DEFINITIONS = (
					"DEBUG=1",
					"$(inherited)",
				);
				GCC_WARN_64_TO_32_BIT_CONVERSION = YES;
				GCC_WARN_ABOUT_RETURN_TYPE = YES_ERROR;
				GCC_WARN_UNDECLARED_SELECTOR = YES;
				GCC_WARN_UNINITIALIZED_AUTOS = YES_AGGRESSIVE;
				GCC_WARN_UNUSED_FUNCTION = YES;
				GCC_WARN_UNUSED_VARIABLE = YES;
				IPHONEOS_DEPLOYMENT_TARGET = 17.2;
				LOCALIZATION_PREFERS_STRING_CATALOGS = YES;
				MTL_ENABLE_DEBUG_INFO = INCLUDE_SOURCE;
				MTL_FAST_MATH = YES;
				ONLY_ACTIVE_ARCH = YES;
				SDKROOT = iphoneos;
				SWIFT_ACTIVE_COMPILATION_CONDITIONS = "DEBUG $(inherited)";
				SWIFT_OPTIMIZATION_LEVEL = "-Onone";
			};
			name = Debug;
		};
		7A16AE692B996A37008C8149 /* Release */ = {
			isa = XCBuildConfiguration;
			buildSettings = {
				ALWAYS_SEARCH_USER_PATHS = NO;
				ASSETCATALOG_COMPILER_GENERATE_SWIFT_ASSET_SYMBOL_EXTENSIONS = YES;
				CLANG_ANALYZER_NONNULL = YES;
				CLANG_ANALYZER_NUMBER_OBJECT_CONVERSION = YES_AGGRESSIVE;
				CLANG_CXX_LANGUAGE_STANDARD = "gnu++20";
				CLANG_ENABLE_MODULES = YES;
				CLANG_ENABLE_OBJC_ARC = YES;
				CLANG_ENABLE_OBJC_WEAK = YES;
				CLANG_WARN_BLOCK_CAPTURE_AUTORELEASING = YES;
				CLANG_WARN_BOOL_CONVERSION = YES;
				CLANG_WARN_COMMA = YES;
				CLANG_WARN_CONSTANT_CONVERSION = YES;
				CLANG_WARN_DEPRECATED_OBJC_IMPLEMENTATIONS = YES;
				CLANG_WARN_DIRECT_OBJC_ISA_USAGE = YES_ERROR;
				CLANG_WARN_DOCUMENTATION_COMMENTS = YES;
				CLANG_WARN_EMPTY_BODY = YES;
				CLANG_WARN_ENUM_CONVERSION = YES;
				CLANG_WARN_INFINITE_RECURSION = YES;
				CLANG_WARN_INT_CONVERSION = YES;
				CLANG_WARN_NON_LITERAL_NULL_CONVERSION = YES;
				CLANG_WARN_OBJC_IMPLICIT_RETAIN_SELF = YES;
				CLANG_WARN_OBJC_LITERAL_CONVERSION = YES;
				CLANG_WARN_OBJC_ROOT_CLASS = YES_ERROR;
				CLANG_WARN_QUOTED_INCLUDE_IN_FRAMEWORK_HEADER = YES;
				CLANG_WARN_RANGE_LOOP_ANALYSIS = YES;
				CLANG_WARN_STRICT_PROTOTYPES = YES;
				CLANG_WARN_SUSPICIOUS_MOVE = YES;
				CLANG_WARN_UNGUARDED_AVAILABILITY = YES_AGGRESSIVE;
				CLANG_WARN_UNREACHABLE_CODE = YES;
				CLANG_WARN__DUPLICATE_METHOD_MATCH = YES;
				COPY_PHASE_STRIP = NO;
				DEBUG_INFORMATION_FORMAT = "dwarf-with-dsym";
				ENABLE_NS_ASSERTIONS = NO;
				ENABLE_STRICT_OBJC_MSGSEND = YES;
				ENABLE_USER_SCRIPT_SANDBOXING = YES;
				GCC_C_LANGUAGE_STANDARD = gnu17;
				GCC_NO_COMMON_BLOCKS = YES;
				GCC_WARN_64_TO_32_BIT_CONVERSION = YES;
				GCC_WARN_ABOUT_RETURN_TYPE = YES_ERROR;
				GCC_WARN_UNDECLARED_SELECTOR = YES;
				GCC_WARN_UNINITIALIZED_AUTOS = YES_AGGRESSIVE;
				GCC_WARN_UNUSED_FUNCTION = YES;
				GCC_WARN_UNUSED_VARIABLE = YES;
				IPHONEOS_DEPLOYMENT_TARGET = 17.2;
				LOCALIZATION_PREFERS_STRING_CATALOGS = YES;
				MTL_ENABLE_DEBUG_INFO = NO;
				MTL_FAST_MATH = YES;
				SDKROOT = iphoneos;
				SWIFT_COMPILATION_MODE = wholemodule;
				VALIDATE_PRODUCT = YES;
			};
			name = Release;
		};
		7A16AE6B2B996A37008C8149 /* Debug */ = {
			isa = XCBuildConfiguration;
			buildSettings = {
				ASSETCATALOG_COMPILER_APPICON_NAME = AppIcon;
				ASSETCATALOG_COMPILER_GLOBAL_ACCENT_COLOR_NAME = AccentColor;
				CODE_SIGN_STYLE = Automatic;
				CURRENT_PROJECT_VERSION = 1;
				DEVELOPMENT_ASSET_PATHS = "\"Exercise2/Preview Content\"";
				ENABLE_PREVIEWS = YES;
				GENERATE_INFOPLIST_FILE = YES;
				INFOPLIST_KEY_UIApplicationSceneManifest_Generation = YES;
				INFOPLIST_KEY_UIApplicationSupportsIndirectInputEvents = YES;
				INFOPLIST_KEY_UILaunchScreen_Generation = YES;
				INFOPLIST_KEY_UISupportedInterfaceOrientations_iPad = "UIInterfaceOrientationPortrait UIInterfaceOrientationPortraitUpsideDown UIInterfaceOrientationLandscapeLeft UIInterfaceOrientationLandscapeRight";
				INFOPLIST_KEY_UISupportedInterfaceOrientations_iPhone = "UIInterfaceOrientationPortrait UIInterfaceOrientationLandscapeLeft UIInterfaceOrientationLandscapeRight";
				LD_RUNPATH_SEARCH_PATHS = (
					"$(inherited)",
					"@executable_path/Frameworks",
				);
				MARKETING_VERSION = 1.0;
				PRODUCT_BUNDLE_IDENTIFIER = map08.Exercise2;
				PRODUCT_NAME = "$(TARGET_NAME)";
				SWIFT_EMIT_LOC_STRINGS = YES;
				SWIFT_OBJC_BRIDGING_HEADER = "Exercise2/Exercise2-Bridging-Header.h";
				SWIFT_VERSION = 5.0;
				TARGETED_DEVICE_FAMILY = "1,2";
			};
			name = Debug;
		};
		7A16AE6C2B996A37008C8149 /* Release */ = {
			isa = XCBuildConfiguration;
			buildSettings = {
				ASSETCATALOG_COMPILER_APPICON_NAME = AppIcon;
				ASSETCATALOG_COMPILER_GLOBAL_ACCENT_COLOR_NAME = AccentColor;
				CODE_SIGN_STYLE = Automatic;
				CURRENT_PROJECT_VERSION = 1;
				DEVELOPMENT_ASSET_PATHS = "\"Exercise2/Preview Content\"";
				ENABLE_PREVIEWS = YES;
				GENERATE_INFOPLIST_FILE = YES;
				INFOPLIST_KEY_UIApplicationSceneManifest_Generation = YES;
				INFOPLIST_KEY_UIApplicationSupportsIndirectInputEvents = YES;
				INFOPLIST_KEY_UILaunchScreen_Generation = YES;
				INFOPLIST_KEY_UISupportedInterfaceOrientations_iPad = "UIInterfaceOrientationPortrait UIInterfaceOrientationPortraitUpsideDown UIInterfaceOrientationLandscapeLeft UIInterfaceOrientationLandscapeRight";
				INFOPLIST_KEY_UISupportedInterfaceOrientations_iPhone = "UIInterfaceOrientationPortrait UIInterfaceOrientationLandscapeLeft UIInterfaceOrientationLandscapeRight";
				LD_RUNPATH_SEARCH_PATHS = (
					"$(inherited)",
					"@executable_path/Frameworks",
				);
				MARKETING_VERSION = 1.0;
				PRODUCT_BUNDLE_IDENTIFIER = map08.Exercise2;
				PRODUCT_NAME = "$(TARGET_NAME)";
				SWIFT_EMIT_LOC_STRINGS = YES;
				SWIFT_OBJC_BRIDGING_HEADER = "Exercise2/Exercise2-Bridging-Header.h";
				SWIFT_VERSION = 5.0;
				TARGETED_DEVICE_FAMILY = "1,2";
			};
			name = Release;
		};
		7A16AE6E2B996A37008C8149 /* Debug */ = {
			isa = XCBuildConfiguration;
			buildSettings = {
				ALWAYS_EMBED_SWIFT_STANDARD_LIBRARIES = YES;
				BUNDLE_LOADER = "$(TEST_HOST)";
				CODE_SIGN_STYLE = Automatic;
				CURRENT_PROJECT_VERSION = 1;
				GENERATE_INFOPLIST_FILE = YES;
				IPHONEOS_DEPLOYMENT_TARGET = 17.2;
				MARKETING_VERSION = 1.0;
				PRODUCT_BUNDLE_IDENTIFIER = map08.Exercise2Tests;
				PRODUCT_NAME = "$(TARGET_NAME)";
				SWIFT_EMIT_LOC_STRINGS = NO;
				SWIFT_VERSION = 5.0;
				TARGETED_DEVICE_FAMILY = "1,2";
				TEST_HOST = "$(BUILT_PRODUCTS_DIR)/Exercise2.app/$(BUNDLE_EXECUTABLE_FOLDER_PATH)/Exercise2";
			};
			name = Debug;
		};
		7A16AE6F2B996A37008C8149 /* Release */ = {
			isa = XCBuildConfiguration;
			buildSettings = {
				ALWAYS_EMBED_SWIFT_STANDARD_LIBRARIES = YES;
				BUNDLE_LOADER = "$(TEST_HOST)";
				CODE_SIGN_STYLE = Automatic;
				CURRENT_PROJECT_VERSION = 1;
				GENERATE_INFOPLIST_FILE = YES;
				IPHONEOS_DEPLOYMENT_TARGET = 17.2;
				MARKETING_VERSION = 1.0;
				PRODUCT_BUNDLE_IDENTIFIER = map08.Exercise2Tests;
				PRODUCT_NAME = "$(TARGET_NAME)";
				SWIFT_EMIT_LOC_STRINGS = NO;
				SWIFT_VERSION = 5.0;
				TARGETED_DEVICE_FAMILY = "1,2";
				TEST_HOST = "$(BUILT_PRODUCTS_DIR)/Exercise2.app/$(BUNDLE_EXECUTABLE_FOLDER_PATH)/Exercise2";
			};
			name = Release;
		};
		7A16AE712B996A37008C8149 /* Debug */ = {
			isa = XCBuildConfiguration;
			buildSettings = {
				ALWAYS_EMBED_SWIFT_STANDARD_LIBRARIES = YES;
				CODE_SIGN_STYLE = Automatic;
				CURRENT_PROJECT_VERSION = 1;
				GENERATE_INFOPLIST_FILE = YES;
				MARKETING_VERSION = 1.0;
				PRODUCT_BUNDLE_IDENTIFIER = map08.Exercise2UITests;
				PRODUCT_NAME = "$(TARGET_NAME)";
				SWIFT_EMIT_LOC_STRINGS = NO;
				SWIFT_VERSION = 5.0;
				TARGETED_DEVICE_FAMILY = "1,2";
				TEST_TARGET_NAME = Exercise2;
			};
			name = Debug;
		};
		7A16AE722B996A37008C8149 /* Release */ = {
			isa = XCBuildConfiguration;
			buildSettings = {
				ALWAYS_EMBED_SWIFT_STANDARD_LIBRARIES = YES;
				CODE_SIGN_STYLE = Automatic;
				CURRENT_PROJECT_VERSION = 1;
				GENERATE_INFOPLIST_FILE = YES;
				MARKETING_VERSION = 1.0;
				PRODUCT_BUNDLE_IDENTIFIER = map08.Exercise2UITests;
				PRODUCT_NAME = "$(TARGET_NAME)";
				SWIFT_EMIT_LOC_STRINGS = NO;
				SWIFT_VERSION = 5.0;
				TARGETED_DEVICE_FAMILY = "1,2";
				TEST_TARGET_NAME = Exercise2;
			};
			name = Release;
		};
/* End XCBuildConfiguration section */

/* Begin XCConfigurationList section */
		7A16AE412B996A33008C8149 /* Build configuration list for PBXProject "Exercise2" */ = {
			isa = XCConfigurationList;
			buildConfigurations = (
				7A16AE682B996A37008C8149 /* Debug */,
				7A16AE692B996A37008C8149 /* Release */,
			);
			defaultConfigurationIsVisible = 0;
			defaultConfigurationName = Release;
		};
		7A16AE6A2B996A37008C8149 /* Build configuration list for PBXNativeTarget "Exercise2" */ = {
			isa = XCConfigurationList;
			buildConfigurations = (
				7A16AE6B2B996A37008C8149 /* Debug */,
				7A16AE6C2B996A37008C8149 /* Release */,
			);
			defaultConfigurationIsVisible = 0;
			defaultConfigurationName = Release;
		};
		7A16AE6D2B996A37008C8149 /* Build configuration list for PBXNativeTarget "Exercise2Tests" */ = {
			isa = XCConfigurationList;
			buildConfigurations = (
				7A16AE6E2B996A37008C8149 /* Debug */,
				7A16AE6F2B996A37008C8149 /* Release */,
			);
			defaultConfigurationIsVisible = 0;
			defaultConfigurationName = Release;
		};
		7A16AE702B996A37008C8149 /* Build configuration list for PBXNativeTarget "Exercise2UITests" */ = {
			isa = XCConfigurationList;
			buildConfigurations = (
				7A16AE712B996A37008C8149 /* Debug */,
				7A16AE722B996A37008C8149 /* Release */,
			);
			defaultConfigurationIsVisible = 0;
			defaultConfigurationName = Release;
		};
/* End XCConfigurationList section */
	};
	rootObject = 7A16AE3E2B996A33008C8149 /* Project object */;
}
